{
  "name": "temporary-file",
  "version": "0.0.2",
  "lockfileVersion": 2,
  "requires": true,
  "packages": {
    "": {
      "name": "temporary-file",
      "version": "0.0.2",
      "dependencies": {
        "uniquefilename": "1.1.2"
      },
      "devDependencies": {
        "@types/node": "^18.x",
        "@types/vscode": "^1.78.0",
        "typescript": "^5.0.4"
      },
      "engines": {
        "vscode": "^1.78.0"
      }
    },
    "node_modules/@types/node": {
      "version": "18.16.7",
      "resolved": "https://registry.npmjs.org/@types/node/-/node-18.16.7.tgz",
      "integrity": "sha512-MFg7ua/bRtnA1hYE3pVyWxGd/r7aMqjNOdHvlSsXV3n8iaeGKkOaPzpJh6/ovf4bEXWcojkeMJpTsq3mzXW4IQ==",
      "dev": true
    },
    "node_modules/@types/vscode": {
      "version": "1.78.0",
      "resolved": "https://registry.npmjs.org/@types/vscode/-/vscode-1.78.0.tgz",
      "integrity": "sha512-LJZIJpPvKJ0HVQDqfOy6W4sNKUBBwyDu1Bs8chHBZOe9MNuKTJtidgZ2bqjhmmWpUb0TIIqv47BFUcVmAsgaVA==",
      "dev": true
    },
    "node_modules/bluebird": {
      "version": "3.7.2",
      "resolved": "https://registry.npmjs.org/bluebird/-/bluebird-3.7.2.tgz",
      "integrity": "sha512-XpNj6GDQzdfW+r2Wnn7xiSAd7TM3jzkxGXBGTtWKuSXv1xUV+azxAm8jdWZN06QTQk+2N2XB9jRDkvbmQmcRtg=="
    },
    "node_modules/typescript": {
      "version": "5.0.4",
      "resolved": "https://registry.npmjs.org/typescript/-/typescript-5.0.4.tgz",
      "integrity": "sha512-cW9T5W9xY37cc+jfEnaUvX91foxtHkza3Nw3wkoF4sSlKn0MONdkdEndig/qPBWXNkmplh3NzayQzCiHM4/hqw==",
      "dev": true,
      "bin": {
        "tsc": "bin/tsc",
        "tsserver": "bin/tsserver"
      },
      "engines": {
        "node": ">=12.20"
      }
    },
    "node_modules/uniquefilename": {
      "version": "1.1.2",
      "resolved": "https://registry.npmjs.org/uniquefilename/-/uniquefilename-1.1.2.tgz",
      "integrity": "sha512-uyi7DOe+9kU5xbYGNEYe2TySAThSsEMWdFMKqF3Bzh2lbtZnF745rD1bAOWdqK8BKlYCnSHNaW0EoRfF8JSA2A==",
      "dependencies": {
        "bluebird": "^3.4.1"
      },
      "engines": {
        "node": ">= 0.10.0"
      }
    }
  },
  "dependencies": {
    "@types/node": {
      "version": "18.16.7",
      "resolved": "https://registry.npmjs.org/@types/node/-/node-18.16.7.tgz",
      "integrity": "sha512-MFg7ua/bRtnA1hYE3pVyWxGd/r7aMqjNOdHvlSsXV3n8iaeGKkOaPzpJh6/ovf4bEXWcojkeMJpTsq3mzXW4IQ==",
      "dev": true
    },
    "@types/vscode": {
      "version": "1.78.0",
      "resolved": "https://registry.npmjs.org/@types/vscode/-/vscode-1.78.0.tgz",
      "integrity": "sha512-LJZIJpPvKJ0HVQDqfOy6W4sNKUBBwyDu1Bs8chHBZOe9MNuKTJtidgZ2bqjhmmWpUb0TIIqv47BFUcVmAsgaVA==",
      "dev": true
    },
    "bluebird": {
      "version": "3.7.2",
      "resolved": "https://registry.npmjs.org/bluebird/-/bluebird-3.7.2.tgz",
      "integrity": "sha512-XpNj6GDQzdfW+r2Wnn7xiSAd7TM3jzkxGXBGTtWKuSXv1xUV+azxAm8jdWZN06QTQk+2N2XB9jRDkvbmQmcRtg=="
    },
    "typescript": {
      "version": "5.0.4",
      "resolved": "https://registry.npmjs.org/typescript/-/typescript-5.0.4.tgz",
      "integrity": "sha512-cW9T5W9xY37cc+jfEnaUvX91foxtHkza3Nw3wkoF4sSlKn0MONdkdEndig/qPBWXNkmplh3NzayQzCiHM4/hqw==",
      "dev": true
    },
    "uniquefilename": {
      "version": "1.1.2",
      "resolved": "https://registry.npmjs.org/uniquefilename/-/uniquefilename-1.1.2.tgz",
      "integrity": "sha512-uyi7DOe+9kU5xbYGNEYe2TySAThSsEMWdFMKqF3Bzh2lbtZnF745rD1bAOWdqK8BKlYCnSHNaW0EoRfF8JSA2A==",
      "requires": {
        "bluebird": "^3.4.1"
      }
    }
  }
}
